// !$*UTF8*$!
{
	archiveVersion = 1;
	classes = {
	};
	objectVersion = 50;
	objects = {

/* Begin PBXBuildFile section */
		A641F56021D4596E00592BB2 /* DetailViewController.swift in Sources */ = {isa = PBXBuildFile; fileRef = A641F55F21D4596E00592BB2 /* DetailViewController.swift */; };
		A64C6CA3217CF63F004B5DDC /* AppDelegate.swift in Sources */ = {isa = PBXBuildFile; fileRef = A64C6CA2217CF63F004B5DDC /* AppDelegate.swift */; };
		A64C6CA5217CF63F004B5DDC /* ViewController.swift in Sources */ = {isa = PBXBuildFile; fileRef = A64C6CA4217CF63F004B5DDC /* ViewController.swift */; };
		A64C6CA8217CF63F004B5DDC /* Main.storyboard in Resources */ = {isa = PBXBuildFile; fileRef = A64C6CA6217CF63F004B5DDC /* Main.storyboard */; };
		A64C6CAA217CF640004B5DDC /* Assets.xcassets in Resources */ = {isa = PBXBuildFile; fileRef = A64C6CA9217CF640004B5DDC /* Assets.xcassets */; };
		A64C6CAD217CF640004B5DDC /* LaunchScreen.storyboard in Resources */ = {isa = PBXBuildFile; fileRef = A64C6CAB217CF640004B5DDC /* LaunchScreen.storyboard */; };
		A64C6CB8217CF640004B5DDC /* MoviesAppTests.swift in Sources */ = {isa = PBXBuildFile; fileRef = A64C6CB7217CF640004B5DDC /* MoviesAppTests.swift */; };
		A64C6CC3217CF6EC004B5DDC /* Constants.swift in Sources */ = {isa = PBXBuildFile; fileRef = A64C6CC2217CF6EC004B5DDC /* Constants.swift */; };
		A666B20B21D159C300A63858 /* MoviesCollectionViewController.swift in Sources */ = {isa = PBXBuildFile; fileRef = A666B20A21D159C300A63858 /* MoviesCollectionViewController.swift */; };
		A666B20E21D159F300A63858 /* FavoritesViewController.swift in Sources */ = {isa = PBXBuildFile; fileRef = A666B20D21D159F300A63858 /* FavoritesViewController.swift */; };
		A666B21121D15EE000A63858 /* NetworkManager.swift in Sources */ = {isa = PBXBuildFile; fileRef = A666B21021D15EE000A63858 /* NetworkManager.swift */; };
		A666B21321D1609200A63858 /* NetworkManagerConvenience.swift in Sources */ = {isa = PBXBuildFile; fileRef = A666B21221D1609200A63858 /* NetworkManagerConvenience.swift */; };
		A666B21621D173D400A63858 /* Movie.swift in Sources */ = {isa = PBXBuildFile; fileRef = A666B21521D173D400A63858 /* Movie.swift */; };
		A666B21921D2D7B800A63858 /* MovieCell.swift in Sources */ = {isa = PBXBuildFile; fileRef = A666B21821D2D7B800A63858 /* MovieCell.swift */; };
/* End PBXBuildFile section */

/* Begin PBXContainerItemProxy section */
		A64C6CB4217CF640004B5DDC /* PBXContainerItemProxy */ = {
			isa = PBXContainerItemProxy;
			containerPortal = A64C6C97217CF63F004B5DDC /* Project object */;
			proxyType = 1;
			remoteGlobalIDString = A64C6C9E217CF63F004B5DDC;
			remoteInfo = MoviesApp;
		};
/* End PBXContainerItemProxy section */

/* Begin PBXFileReference section */
		A641F55F21D4596E00592BB2 /* DetailViewController.swift */ = {isa = PBXFileReference; lastKnownFileType = sourcecode.swift; path = DetailViewController.swift; sourceTree = "<group>"; };
		A64C6C9F217CF63F004B5DDC /* MoviesApp.app */ = {isa = PBXFileReference; explicitFileType = wrapper.application; includeInIndex = 0; path = MoviesApp.app; sourceTree = BUILT_PRODUCTS_DIR; };
		A64C6CA2217CF63F004B5DDC /* AppDelegate.swift */ = {isa = PBXFileReference; lastKnownFileType = sourcecode.swift; path = AppDelegate.swift; sourceTree = "<group>"; };
		A64C6CA4217CF63F004B5DDC /* ViewController.swift */ = {isa = PBXFileReference; lastKnownFileType = sourcecode.swift; path = ViewController.swift; sourceTree = "<group>"; };
		A64C6CA7217CF63F004B5DDC /* Base */ = {isa = PBXFileReference; lastKnownFileType = file.storyboard; name = Base; path = Base.lproj/Main.storyboard; sourceTree = "<group>"; };
		A64C6CA9217CF640004B5DDC /* Assets.xcassets */ = {isa = PBXFileReference; lastKnownFileType = folder.assetcatalog; path = Assets.xcassets; sourceTree = "<group>"; };
		A64C6CAC217CF640004B5DDC /* Base */ = {isa = PBXFileReference; lastKnownFileType = file.storyboard; name = Base; path = Base.lproj/LaunchScreen.storyboard; sourceTree = "<group>"; };
		A64C6CAE217CF640004B5DDC /* Info.plist */ = {isa = PBXFileReference; lastKnownFileType = text.plist.xml; path = Info.plist; sourceTree = "<group>"; };
		A64C6CB3217CF640004B5DDC /* MoviesAppTests.xctest */ = {isa = PBXFileReference; explicitFileType = wrapper.cfbundle; includeInIndex = 0; path = MoviesAppTests.xctest; sourceTree = BUILT_PRODUCTS_DIR; };
		A64C6CB7217CF640004B5DDC /* MoviesAppTests.swift */ = {isa = PBXFileReference; lastKnownFileType = sourcecode.swift; path = MoviesAppTests.swift; sourceTree = "<group>"; };
		A64C6CB9217CF640004B5DDC /* Info.plist */ = {isa = PBXFileReference; lastKnownFileType = text.plist.xml; path = Info.plist; sourceTree = "<group>"; };
		A64C6CC2217CF6EC004B5DDC /* Constants.swift */ = {isa = PBXFileReference; lastKnownFileType = sourcecode.swift; path = Constants.swift; sourceTree = "<group>"; };
		A666B20A21D159C300A63858 /* MoviesCollectionViewController.swift */ = {isa = PBXFileReference; lastKnownFileType = sourcecode.swift; path = MoviesCollectionViewController.swift; sourceTree = "<group>"; };
		A666B20D21D159F300A63858 /* FavoritesViewController.swift */ = {isa = PBXFileReference; lastKnownFileType = sourcecode.swift; path = FavoritesViewController.swift; sourceTree = "<group>"; };
		A666B21021D15EE000A63858 /* NetworkManager.swift */ = {isa = PBXFileReference; lastKnownFileType = sourcecode.swift; path = NetworkManager.swift; sourceTree = "<group>"; };
		A666B21221D1609200A63858 /* NetworkManagerConvenience.swift */ = {isa = PBXFileReference; lastKnownFileType = sourcecode.swift; path = NetworkManagerConvenience.swift; sourceTree = "<group>"; };
		A666B21521D173D400A63858 /* Movie.swift */ = {isa = PBXFileReference; lastKnownFileType = sourcecode.swift; path = Movie.swift; sourceTree = "<group>"; };
		A666B21821D2D7B800A63858 /* MovieCell.swift */ = {isa = PBXFileReference; lastKnownFileType = sourcecode.swift; path = MovieCell.swift; sourceTree = "<group>"; };
/* End PBXFileReference section */

/* Begin PBXFrameworksBuildPhase section */
		A64C6C9C217CF63F004B5DDC /* Frameworks */ = {
			isa = PBXFrameworksBuildPhase;
			buildActionMask = 2147483647;
			files = (
			);
			runOnlyForDeploymentPostprocessing = 0;
		};
		A64C6CB0217CF640004B5DDC /* Frameworks */ = {
			isa = PBXFrameworksBuildPhase;
			buildActionMask = 2147483647;
			files = (
			);
			runOnlyForDeploymentPostprocessing = 0;
		};
/* End PBXFrameworksBuildPhase section */

/* Begin PBXGroup section */
		A641F55E21D4594A00592BB2 /* Detail */ = {
			isa = PBXGroup;
			children = (
				A641F55F21D4596E00592BB2 /* DetailViewController.swift */,
			);
			path = Detail;
			sourceTree = "<group>";
		};
		A64C6C96217CF63F004B5DDC = {
			isa = PBXGroup;
			children = (
				A64C6CA1217CF63F004B5DDC /* MoviesApp */,
				A64C6CB6217CF640004B5DDC /* MoviesAppTests */,
				A64C6CA0217CF63F004B5DDC /* Products */,
			);
			sourceTree = "<group>";
		};
		A64C6CA0217CF63F004B5DDC /* Products */ = {
			isa = PBXGroup;
			children = (
				A64C6C9F217CF63F004B5DDC /* MoviesApp.app */,
				A64C6CB3217CF640004B5DDC /* MoviesAppTests.xctest */,
			);
			name = Products;
			sourceTree = "<group>";
		};
		A64C6CA1217CF63F004B5DDC /* MoviesApp */ = {
			isa = PBXGroup;
			children = (
				A64C6CC2217CF6EC004B5DDC /* Constants.swift */,
				A666B21421D1739300A63858 /* Models */,
				A666B20F21D15E9300A63858 /* Managers */,
				A666B21721D2D78A00A63858 /* Cells */,
				A666B20C21D159DB00A63858 /* Favorites */,
				A666B20921D1599900A63858 /* Movies */,
				A641F55E21D4594A00592BB2 /* Detail */,
				A64C6CA2217CF63F004B5DDC /* AppDelegate.swift */,
				A64C6CA4217CF63F004B5DDC /* ViewController.swift */,
				A64C6CA6217CF63F004B5DDC /* Main.storyboard */,
				A64C6CA9217CF640004B5DDC /* Assets.xcassets */,
				A64C6CAB217CF640004B5DDC /* LaunchScreen.storyboard */,
				A64C6CAE217CF640004B5DDC /* Info.plist */,
			);
			path = MoviesApp;
			sourceTree = "<group>";
		};
		A64C6CB6217CF640004B5DDC /* MoviesAppTests */ = {
			isa = PBXGroup;
			children = (
				A64C6CB7217CF640004B5DDC /* MoviesAppTests.swift */,
				A64C6CB9217CF640004B5DDC /* Info.plist */,
			);
			path = MoviesAppTests;
			sourceTree = "<group>";
		};
		A666B20921D1599900A63858 /* Movies */ = {
			isa = PBXGroup;
			children = (
				A666B20A21D159C300A63858 /* MoviesCollectionViewController.swift */,
			);
			path = Movies;
			sourceTree = "<group>";
		};
		A666B20C21D159DB00A63858 /* Favorites */ = {
			isa = PBXGroup;
			children = (
				A666B20D21D159F300A63858 /* FavoritesViewController.swift */,
			);
			path = Favorites;
			sourceTree = "<group>";
		};
		A666B20F21D15E9300A63858 /* Managers */ = {
			isa = PBXGroup;
			children = (
				A666B21021D15EE000A63858 /* NetworkManager.swift */,
				A666B21221D1609200A63858 /* NetworkManagerConvenience.swift */,
			);
			path = Managers;
			sourceTree = "<group>";
		};
		A666B21421D1739300A63858 /* Models */ = {
			isa = PBXGroup;
			children = (
				A666B21521D173D400A63858 /* Movie.swift */,
			);
			path = Models;
			sourceTree = "<group>";
		};
		A666B21721D2D78A00A63858 /* Cells */ = {
			isa = PBXGroup;
			children = (
				A666B21821D2D7B800A63858 /* MovieCell.swift */,
			);
			path = Cells;
			sourceTree = "<group>";
		};
/* End PBXGroup section */

/* Begin PBXNativeTarget section */
		A64C6C9E217CF63F004B5DDC /* MoviesApp */ = {
			isa = PBXNativeTarget;
			buildConfigurationList = A64C6CBC217CF640004B5DDC /* Build configuration list for PBXNativeTarget "MoviesApp" */;
			buildPhases = (
				A64C6C9B217CF63F004B5DDC /* Sources */,
				A64C6C9C217CF63F004B5DDC /* Frameworks */,
				A64C6C9D217CF63F004B5DDC /* Resources */,
			);
			buildRules = (
			);
			dependencies = (
			);
			name = MoviesApp;
			productName = MoviesApp;
			productReference = A64C6C9F217CF63F004B5DDC /* MoviesApp.app */;
			productType = "com.apple.product-type.application";
		};
		A64C6CB2217CF640004B5DDC /* MoviesAppTests */ = {
			isa = PBXNativeTarget;
			buildConfigurationList = A64C6CBF217CF640004B5DDC /* Build configuration list for PBXNativeTarget "MoviesAppTests" */;
			buildPhases = (
				A64C6CAF217CF640004B5DDC /* Sources */,
				A64C6CB0217CF640004B5DDC /* Frameworks */,
				A64C6CB1217CF640004B5DDC /* Resources */,
			);
			buildRules = (
			);
			dependencies = (
				A64C6CB5217CF640004B5DDC /* PBXTargetDependency */,
			);
			name = MoviesAppTests;
			productName = MoviesAppTests;
			productReference = A64C6CB3217CF640004B5DDC /* MoviesAppTests.xctest */;
			productType = "com.apple.product-type.bundle.unit-test";
		};
/* End PBXNativeTarget section */

/* Begin PBXProject section */
		A64C6C97217CF63F004B5DDC /* Project object */ = {
			isa = PBXProject;
			attributes = {
				LastSwiftUpdateCheck = 1000;
				LastUpgradeCheck = 1000;
				ORGANIZATIONNAME = "Swift Enthusiast";
				TargetAttributes = {
					A64C6C9E217CF63F004B5DDC = {
						CreatedOnToolsVersion = 10.0;
					};
					A64C6CB2217CF640004B5DDC = {
						CreatedOnToolsVersion = 10.0;
						TestTargetID = A64C6C9E217CF63F004B5DDC;
					};
				};
			};
			buildConfigurationList = A64C6C9A217CF63F004B5DDC /* Build configuration list for PBXProject "MoviesApp" */;
			compatibilityVersion = "Xcode 9.3";
			developmentRegion = en;
			hasScannedForEncodings = 0;
			knownRegions = (
				en,
				Base,
			);
			mainGroup = A64C6C96217CF63F004B5DDC;
			productRefGroup = A64C6CA0217CF63F004B5DDC /* Products */;
			projectDirPath = "";
			projectRoot = "";
			targets = (
				A64C6C9E217CF63F004B5DDC /* MoviesApp */,
				A64C6CB2217CF640004B5DDC /* MoviesAppTests */,
			);
		};
/* End PBXProject section */

/* Begin PBXResourcesBuildPhase section */
		A64C6C9D217CF63F004B5DDC /* Resources */ = {
			isa = PBXResourcesBuildPhase;
			buildActionMask = 2147483647;
			files = (
				A64C6CAD217CF640004B5DDC /* LaunchScreen.storyboard in Resources */,
				A64C6CAA217CF640004B5DDC /* Assets.xcassets in Resources */,
				A64C6CA8217CF63F004B5DDC /* Main.storyboard in Resources */,
			);
			runOnlyForDeploymentPostprocessing = 0;
		};
		A64C6CB1217CF640004B5DDC /* Resources */ = {
			isa = PBXResourcesBuildPhase;
			buildActionMask = 2147483647;
			files = (
			);
			runOnlyForDeploymentPostprocessing = 0;
		};
/* End PBXResourcesBuildPhase section */

/* Begin PBXSourcesBuildPhase section */
		A64C6C9B217CF63F004B5DDC /* Sources */ = {
			isa = PBXSourcesBuildPhase;
			buildActionMask = 2147483647;
			files = (
				A666B21121D15EE000A63858 /* NetworkManager.swift in Sources */,
				A64C6CA5217CF63F004B5DDC /* ViewController.swift in Sources */,
				A666B21921D2D7B800A63858 /* MovieCell.swift in Sources */,
				A666B21621D173D400A63858 /* Movie.swift in Sources */,
				A666B20B21D159C300A63858 /* MoviesCollectionViewController.swift in Sources */,
				A64C6CA3217CF63F004B5DDC /* AppDelegate.swift in Sources */,
				A666B20E21D159F300A63858 /* FavoritesViewController.swift in Sources */,
				A641F56021D4596E00592BB2 /* DetailViewController.swift in Sources */,
				A64C6CC3217CF6EC004B5DDC /* Constants.swift in Sources */,
				A666B21321D1609200A63858 /* NetworkManagerConvenience.swift in Sources */,
			);
			runOnlyForDeploymentPostprocessing = 0;
		};
		A64C6CAF217CF640004B5DDC /* Sources */ = {
			isa = PBXSourcesBuildPhase;
			buildActionMask = 2147483647;
			files = (
				A64C6CB8217CF640004B5DDC /* MoviesAppTests.swift in Sources */,
			);
			runOnlyForDeploymentPostprocessing = 0;
		};
/* End PBXSourcesBuildPhase section */

/* Begin PBXTargetDependency section */
		A64C6CB5217CF640004B5DDC /* PBXTargetDependency */ = {
			isa = PBXTargetDependency;
			target = A64C6C9E217CF63F004B5DDC /* MoviesApp */;
			targetProxy = A64C6CB4217CF640004B5DDC /* PBXContainerItemProxy */;
		};
/* End PBXTargetDependency section */

/* Begin PBXVariantGroup section */
		A64C6CA6217CF63F004B5DDC /* Main.storyboard */ = {
			isa = PBXVariantGroup;
			children = (
				A64C6CA7217CF63F004B5DDC /* Base */,
			);
			name = Main.storyboard;
			sourceTree = "<group>";
		};
		A64C6CAB217CF640004B5DDC /* LaunchScreen.storyboard */ = {
			isa = PBXVariantGroup;
			children = (
				A64C6CAC217CF640004B5DDC /* Base */,
			);
			name = LaunchScreen.storyboard;
			sourceTree = "<group>";
		};
/* End PBXVariantGroup section */

/* Begin XCBuildConfiguration section */
		A64C6CBA217CF640004B5DDC /* Debug */ = {
			isa = XCBuildConfiguration;
			buildSettings = {
				ALWAYS_SEARCH_USER_PATHS = NO;
				CLANG_ANALYZER_NONNULL = YES;
				CLANG_ANALYZER_NUMBER_OBJECT_CONVERSION = YES_AGGRESSIVE;
				CLANG_CXX_LANGUAGE_STANDARD = "gnu++14";
				CLANG_CXX_LIBRARY = "libc++";
				CLANG_ENABLE_MODULES = YES;
				CLANG_ENABLE_OBJC_ARC = YES;
				CLANG_ENABLE_OBJC_WEAK = YES;
				CLANG_WARN_BLOCK_CAPTURE_AUTORELEASING = YES;
				CLANG_WARN_BOOL_CONVERSION = YES;
				CLANG_WARN_COMMA = YES;
				CLANG_WARN_CONSTANT_CONVERSION = YES;
				CLANG_WARN_DEPRECATED_OBJC_IMPLEMENTATIONS = YES;
				CLANG_WARN_DIRECT_OBJC_ISA_USAGE = YES_ERROR;
				CLANG_WARN_DOCUMENTATION_COMMENTS = YES;
				CLANG_WARN_EMPTY_BODY = YES;
				CLANG_WARN_ENUM_CONVERSION = YES;
				CLANG_WARN_INFINITE_RECURSION = YES;
				CLANG_WARN_INT_CONVERSION = YES;
				CLANG_WARN_NON_LITERAL_NULL_CONVERSION = YES;
				CLANG_WARN_OBJC_IMPLICIT_RETAIN_SELF = YES;
				CLANG_WARN_OBJC_LITERAL_CONVERSION = YES;
				CLANG_WARN_OBJC_ROOT_CLASS = YES_ERROR;
				CLANG_WARN_RANGE_LOOP_ANALYSIS = YES;
				CLANG_WARN_STRICT_PROTOTYPES = YES;
				CLANG_WARN_SUSPICIOUS_MOVE = YES;
				CLANG_WARN_UNGUARDED_AVAILABILITY = YES_AGGRESSIVE;
				CLANG_WARN_UNREACHABLE_CODE = YES;
				CLANG_WARN__DUPLICATE_METHOD_MATCH = YES;
				CODE_SIGN_IDENTITY = "iPhone Developer";
				COPY_PHASE_STRIP = NO;
				DEBUG_INFORMATION_FORMAT = dwarf;
				ENABLE_STRICT_OBJC_MSGSEND = YES;
				ENABLE_TESTABILITY = YES;
				GCC_C_LANGUAGE_STANDARD = gnu11;
				GCC_DYNAMIC_NO_PIC = NO;
				GCC_NO_COMMON_BLOCKS = YES;
				GCC_OPTIMIZATION_LEVEL = 0;
				GCC_PREPROCESSOR_DEFINITIONS = (
					"DEBUG=1",
					"$(inherited)",
				);
				GCC_WARN_64_TO_32_BIT_CONVERSION = YES;
				GCC_WARN_ABOUT_RETURN_TYPE = YES_ERROR;
				GCC_WARN_UNDECLARED_SELECTOR = YES;
				GCC_WARN_UNINITIALIZED_AUTOS = YES_AGGRESSIVE;
				GCC_WARN_UNUSED_FUNCTION = YES;
				GCC_WARN_UNUSED_VARIABLE = YES;
				IPHONEOS_DEPLOYMENT_TARGET = 12.0;
				MTL_ENABLE_DEBUG_INFO = INCLUDE_SOURCE;
				MTL_FAST_MATH = YES;
				ONLY_ACTIVE_ARCH = YES;
				SDKROOT = iphoneos;
				SWIFT_ACTIVE_COMPILATION_CONDITIONS = DEBUG;
				SWIFT_OPTIMIZATION_LEVEL = "-Onone";
			};
			name = Debug;
		};
		A64C6CBB217CF640004B5DDC /* Release */ = {
			isa = XCBuildConfiguration;
			buildSettings = {
				ALWAYS_SEARCH_USER_PATHS = NO;
				CLANG_ANALYZER_NONNULL = YES;
				CLANG_ANALYZER_NUMBER_OBJECT_CONVERSION = YES_AGGRESSIVE;
				CLANG_CXX_LANGUAGE_STANDARD = "gnu++14";
				CLANG_CXX_LIBRARY = "libc++";
				CLANG_ENABLE_MODULES = YES;
				CLANG_ENABLE_OBJC_ARC = YES;
				CLANG_ENABLE_OBJC_WEAK = YES;
				CLANG_WARN_BLOCK_CAPTURE_AUTORELEASING = YES;
				CLANG_WARN_BOOL_CONVERSION = YES;
				CLANG_WARN_COMMA = YES;
				CLANG_WARN_CONSTANT_CONVERSION = YES;
				CLANG_WARN_DEPRECATED_OBJC_IMPLEMENTATIONS = YES;
				CLANG_WARN_DIRECT_OBJC_ISA_USAGE = YES_ERROR;
				CLANG_WARN_DOCUMENTATION_COMMENTS = YES;
				CLANG_WARN_EMPTY_BODY = YES;
				CLANG_WARN_ENUM_CONVERSION = YES;
				CLANG_WARN_INFINITE_RECURSION = YES;
				CLANG_WARN_INT_CONVERSION = YES;
				CLANG_WARN_NON_LITERAL_NULL_CONVERSION = YES;
				CLANG_WARN_OBJC_IMPLICIT_RETAIN_SELF = YES;
				CLANG_WARN_OBJC_LITERAL_CONVERSION = YES;
				CLANG_WARN_OBJC_ROOT_CLASS = YES_ERROR;
				CLANG_WARN_RANGE_LOOP_ANALYSIS = YES;
				CLANG_WARN_STRICT_PROTOTYPES = YES;
				CLANG_WARN_SUSPICIOUS_MOVE = YES;
				CLANG_WARN_UNGUARDED_AVAILABILITY = YES_AGGRESSIVE;
				CLANG_WARN_UNREACHABLE_CODE = YES;
				CLANG_WARN__DUPLICATE_METHOD_MATCH = YES;
				CODE_SIGN_IDENTITY = "iPhone Developer";
				COPY_PHASE_STRIP = NO;
				DEBUG_INFORMATION_FORMAT = "dwarf-with-dsym";
				ENABLE_NS_ASSERTIONS = NO;
				ENABLE_STRICT_OBJC_MSGSEND = YES;
				GCC_C_LANGUAGE_STANDARD = gnu11;
				GCC_NO_COMMON_BLOCKS = YES;
				GCC_WARN_64_TO_32_BIT_CONVERSION = YES;
				GCC_WARN_ABOUT_RETURN_TYPE = YES_ERROR;
				GCC_WARN_UNDECLARED_SELECTOR = YES;
				GCC_WARN_UNINITIALIZED_AUTOS = YES_AGGRESSIVE;
				GCC_WARN_UNUSED_FUNCTION = YES;
				GCC_WARN_UNUSED_VARIABLE = YES;
				IPHONEOS_DEPLOYMENT_TARGET = 12.0;
				MTL_ENABLE_DEBUG_INFO = NO;
				MTL_FAST_MATH = YES;
				SDKROOT = iphoneos;
				SWIFT_COMPILATION_MODE = wholemodule;
				SWIFT_OPTIMIZATION_LEVEL = "-O";
				VALIDATE_PRODUCT = YES;
			};
			name = Release;
		};
		A64C6CBD217CF640004B5DDC /* Debug */ = {
			isa = XCBuildConfiguration;
			buildSettings = {
				ASSETCATALOG_COMPILER_APPICON_NAME = AppIcon;
				CODE_SIGN_STYLE = Automatic;
				INFOPLIST_FILE = MoviesApp/Info.plist;
				LD_RUNPATH_SEARCH_PATHS = (
					"$(inherited)",
					"@executable_path/Frameworks",
				);
				PRODUCT_BUNDLE_IDENTIFIER = com.swiftentusiast.MoviesApp;
				PRODUCT_NAME = "$(TARGET_NAME)";
				SWIFT_VERSION = 4.2;
				TARGETED_DEVICE_FAMILY = "1,2";
			};
			name = Debug;
		};
		A64C6CBE217CF640004B5DDC /* Release */ = {
			isa = XCBuildConfiguration;
			buildSettings = {
				ASSETCATALOG_COMPILER_APPICON_NAME = AppIcon;
				CODE_SIGN_STYLE = Automatic;
				INFOPLIST_FILE = MoviesApp/Info.plist;
				LD_RUNPATH_SEARCH_PATHS = (
					"$(inherited)",
					"@executable_path/Frameworks",
				);
				PRODUCT_BUNDLE_IDENTIFIER = com.swiftentusiast.MoviesApp;
				PRODUCT_NAME = "$(TARGET_NAME)";
				SWIFT_VERSION = 4.2;
				TARGETED_DEVICE_FAMILY = "1,2";
			};
			name = Release;
		};
		A64C6CC0217CF640004B5DDC /* Debug */ = {
			isa = XCBuildConfiguration;
			buildSettings = {
				ALWAYS_EMBED_SWIFT_STANDARD_LIBRARIES = YES;
				BUNDLE_LOADER = "$(TEST_HOST)";
				CODE_SIGN_STYLE = Automatic;
				INFOPLIST_FILE = MoviesAppTests/Info.plist;
				LD_RUNPATH_SEARCH_PATHS = (
					"$(inherited)",
					"@executable_path/Frameworks",
					"@loader_path/Frameworks",
				);
				PRODUCT_BUNDLE_IDENTIFIER = com.swiftentusiast.MoviesAppTests;
				PRODUCT_NAME = "$(TARGET_NAME)";
				SWIFT_VERSION = 4.2;
				TARGETED_DEVICE_FAMILY = "1,2";
				TEST_HOST = "$(BUILT_PRODUCTS_DIR)/MoviesApp.app/MoviesApp";
			};
			name = Debug;
		};
		A64C6CC1217CF640004B5DDC /* Release */ = {
			isa = XCBuildConfiguration;
			buildSettings = {
				ALWAYS_EMBED_SWIFT_STANDARD_LIBRARIES = YES;
				BUNDLE_LOADER = "$(TEST_HOST)";
				CODE_SIGN_STYLE = Automatic;
				INFOPLIST_FILE = MoviesAppTests/Info.plist;
				LD_RUNPATH_SEARCH_PATHS = (
					"$(inherited)",
					"@executable_path/Frameworks",
					"@loader_path/Frameworks",
				);
				PRODUCT_BUNDLE_IDENTIFIER = com.swiftentusiast.MoviesAppTests;
				PRODUCT_NAME = "$(TARGET_NAME)";
				SWIFT_VERSION = 4.2;
				TARGETED_DEVICE_FAMILY = "1,2";
				TEST_HOST = "$(BUILT_PRODUCTS_DIR)/MoviesApp.app/MoviesApp";
			};
			name = Release;
		};
/* End XCBuildConfiguration section */

/* Begin XCConfigurationList section */
		A64C6C9A217CF63F004B5DDC /* Build configuration list for PBXProject "MoviesApp" */ = {
			isa = XCConfigurationList;
			buildConfigurations = (
				A64C6CBA217CF640004B5DDC /* Debug */,
				A64C6CBB217CF640004B5DDC /* Release */,
			);
			defaultConfigurationIsVisible = 0;
			defaultConfigurationName = Release;
		};
		A64C6CBC217CF640004B5DDC /* Build configuration list for PBXNativeTarget "MoviesApp" */ = {
			isa = XCConfigurationList;
			buildConfigurations = (
				A64C6CBD217CF640004B5DDC /* Debug */,
				A64C6CBE217CF640004B5DDC /* Release */,
			);
			defaultConfigurationIsVisible = 0;
			defaultConfigurationName = Release;
		};
		A64C6CBF217CF640004B5DDC /* Build configuration list for PBXNativeTarget "MoviesAppTests" */ = {
			isa = XCConfigurationList;
			buildConfigurations = (
				A64C6CC0217CF640004B5DDC /* Debug */,
				A64C6CC1217CF640004B5DDC /* Release */,
			);
			defaultConfigurationIsVisible = 0;
			defaultConfigurationName = Release;
		};
/* End XCConfigurationList section */
	};
	rootObject = A64C6C97217CF63F004B5DDC /* Project object */;
}
